
Microsoft Visual Studio Solution File, Format Version 12.00
# Visual Studio Version 16
VisualStudioVersion = 16.0.31205.134
MinimumVisualStudioVersion = 10.0.40219.1
Project("{9A19103F-16F7-4668-BE54-9A1E7A4F7556}") = "Exchange.Handler.API", "Exchange.Handler.API\Exchange.Handler.API.csproj", "{7E0B7C64-978F-4656-A407-808EDCBB468B}"
EndProject
Project("{9A19103F-16F7-4668-BE54-9A1E7A4F7556}") = "Exchange.Handler.Repository", "Exchange.Handler.Repository\Exchange.Handler.Repository.csproj", "{C583DCC9-77FB-40B3-88C4-51AB0004EAF6}"
EndProject
Project("{9A19103F-16F7-4668-BE54-9A1E7A4F7556}") = "Exchange.Handler.Services", "Exchange.Handler.Services\Exchange.Handler.Services.csproj", "{811B96CB-BE5A-427D-B37E-D3A866EE6D4F}"
EndProject
Global
	GlobalSection(SolutionConfigurationPlatforms) = preSolution
		Debug|Any CPU = Debug|Any CPU
		Release|Any CPU = Release|Any CPU
	EndGlobalSection
	GlobalSection(ProjectConfigurationPlatforms) = postSolution
		{7E0B7C64-978F-4656-A407-808EDCBB468B}.Debug|Any CPU.ActiveCfg = Debug|Any CPU
		{7E0B7C64-978F-4656-A407-808EDCBB468B}.Debug|Any CPU.Build.0 = Debug|Any CPU
		{7E0B7C64-978F-4656-A407-808EDCBB468B}.Release|Any CPU.ActiveCfg = Release|Any CPU
		{7E0B7C64-978F-4656-A407-808EDCBB468B}.Release|Any CPU.Build.0 = Release|Any CPU
		{C583DCC9-77FB-40B3-88C4-51AB0004EAF6}.Debug|Any CPU.ActiveCfg = Debug|Any CPU
		{C583DCC9-77FB-40B3-88C4-51AB0004EAF6}.Debug|Any CPU.Build.0 = Debug|Any CPU
		{C583DCC9-77FB-40B3-88C4-51AB0004EAF6}.Release|Any CPU.ActiveCfg = Release|Any CPU
		{C583DCC9-77FB-40B3-88C4-51AB0004EAF6}.Release|Any CPU.Build.0 = Release|Any CPU
		{811B96CB-BE5A-427D-B37E-D3A866EE6D4F}.Debug|Any CPU.ActiveCfg = Debug|Any CPU
		{811B96CB-BE5A-427D-B37E-D3A866EE6D4F}.Debug|Any CPU.Build.0 = Debug|Any CPU
		{811B96CB-BE5A-427D-B37E-D3A866EE6D4F}.Release|Any CPU.ActiveCfg = Release|Any CPU
		{811B96CB-BE5A-427D-B37E-D3A866EE6D4F}.Release|Any CPU.Build.0 = Release|Any CPU
	EndGlobalSection
	GlobalSection(SolutionProperties) = preSolution
		HideSolutionNode = FALSE
	EndGlobalSection
	GlobalSection(ExtensibilityGlobals) = postSolution
		SolutionGuid = {C23DCE6A-540A-4A50-96A8-12D9DC61B877}
	EndGlobalSection
EndGlobal
